
Microsoft Visual Studio Solution File, Format Version 12.00
# Visual Studio Version 17
VisualStudioVersion = 17.11.35208.52
MinimumVisualStudioVersion = 10.0.40219.1
Project("{FAE04EC0-301F-11D3-BF4B-00C04F79EFBC}") = "academica", "academica\academica.csproj", "{DCB0BCE5-49DE-4AFF-9764-E956770B94F6}"
EndProject
Global
	GlobalSection(SolutionConfigurationPlatforms) = preSolution
		Debug|Any CPU = Debug|Any CPU
		Release|Any CPU = Release|Any CPU
	EndGlobalSection
	GlobalSection(ProjectConfigurationPlatforms) = postSolution
		{DCB0BCE5-49DE-4AFF-9764-E956770B94F6}.Debug|Any CPU.ActiveCfg = Debug|Any CPU
		{DCB0BCE5-49DE-4AFF-9764-E956770B94F6}.Debug|Any CPU.Build.0 = Debug|Any CPU
		{DCB0BCE5-49DE-4AFF-9764-E956770B94F6}.Release|Any CPU.ActiveCfg = Release|Any CPU
		{DCB0BCE5-49DE-4AFF-9764-E956770B94F6}.Release|Any CPU.Build.0 = Release|Any CPU
	EndGlobalSection
	GlobalSection(SolutionProperties) = preSolution
		HideSolutionNode = FALSE
	EndGlobalSection
	GlobalSection(ExtensibilityGlobals) = postSolution
		SolutionGuid = {0442027A-C914-4E90-B9D0-4780D0B66133}
	EndGlobalSection
EndGlobal
